
Microsoft Visual Studio Solution File, Format Version 12.00
# Visual Studio Version 17
VisualStudioVersion = 17.11.35327.3
MinimumVisualStudioVersion = 10.0.40219.1
Project("{9A19103F-16F7-4668-BE54-9A1E7A4F7556}") = "Billetera_Smart", "Billetera_Smart\Billetera_Smart.csproj", "{7E34CA54-EC90-4C87-8943-8DED9BB30540}"
EndProject
Project("{FAE04EC0-301F-11D3-BF4B-00C04F79EFBC}") = "Capa_Datos", "Capa_Datos\Capa_Datos.csproj", "{06D5B3D9-41CB-4ED9-A931-5B6DC6F36D20}"
EndProject
Project("{FAE04EC0-301F-11D3-BF4B-00C04F79EFBC}") = "Capa_Entidad", "Capa_Entidad\Capa_Entidad.csproj", "{3E6427F4-0FF7-4EFC-A7C0-08318A8C27AE}"
EndProject
Project("{FAE04EC0-301F-11D3-BF4B-00C04F79EFBC}") = "Capa_Negocio", "Capa_Negocio\Capa_Negocio.csproj", "{9269B562-9678-4D93-ABF1-CB6EABA12C98}"
EndProject
Global
	GlobalSection(SolutionConfigurationPlatforms) = preSolution
		Debug|Any CPU = Debug|Any CPU
		Release|Any CPU = Release|Any CPU
	EndGlobalSection
	GlobalSection(ProjectConfigurationPlatforms) = postSolution
		{7E34CA54-EC90-4C87-8943-8DED9BB30540}.Debug|Any CPU.ActiveCfg = Debug|Any CPU
		{7E34CA54-EC90-4C87-8943-8DED9BB30540}.Debug|Any CPU.Build.0 = Debug|Any CPU
		{7E34CA54-EC90-4C87-8943-8DED9BB30540}.Release|Any CPU.ActiveCfg = Release|Any CPU
		{7E34CA54-EC90-4C87-8943-8DED9BB30540}.Release|Any CPU.Build.0 = Release|Any CPU
		{06D5B3D9-41CB-4ED9-A931-5B6DC6F36D20}.Debug|Any CPU.ActiveCfg = Debug|Any CPU
		{06D5B3D9-41CB-4ED9-A931-5B6DC6F36D20}.Debug|Any CPU.Build.0 = Debug|Any CPU
		{06D5B3D9-41CB-4ED9-A931-5B6DC6F36D20}.Release|Any CPU.ActiveCfg = Release|Any CPU
		{06D5B3D9-41CB-4ED9-A931-5B6DC6F36D20}.Release|Any CPU.Build.0 = Release|Any CPU
		{3E6427F4-0FF7-4EFC-A7C0-08318A8C27AE}.Debug|Any CPU.ActiveCfg = Debug|Any CPU
		{3E6427F4-0FF7-4EFC-A7C0-08318A8C27AE}.Debug|Any CPU.Build.0 = Debug|Any CPU
		{3E6427F4-0FF7-4EFC-A7C0-08318A8C27AE}.Release|Any CPU.ActiveCfg = Release|Any CPU
		{3E6427F4-0FF7-4EFC-A7C0-08318A8C27AE}.Release|Any CPU.Build.0 = Release|Any CPU
		{9269B562-9678-4D93-ABF1-CB6EABA12C98}.Debug|Any CPU.ActiveCfg = Debug|Any CPU
		{9269B562-9678-4D93-ABF1-CB6EABA12C98}.Debug|Any CPU.Build.0 = Debug|Any CPU
		{9269B562-9678-4D93-ABF1-CB6EABA12C98}.Release|Any CPU.ActiveCfg = Release|Any CPU
		{9269B562-9678-4D93-ABF1-CB6EABA12C98}.Release|Any CPU.Build.0 = Release|Any CPU
	EndGlobalSection
	GlobalSection(SolutionProperties) = preSolution
		HideSolutionNode = FALSE
	EndGlobalSection
	GlobalSection(ExtensibilityGlobals) = postSolution
		SolutionGuid = {1C36F99D-ABE9-4944-9FCB-F23113977EB1}
	EndGlobalSection
EndGlobal
